
Microsoft Visual Studio Solution File, Format Version 12.00
# Visual Studio Version 16
VisualStudioVersion = 16.0.31424.327
MinimumVisualStudioVersion = 10.0.40219.1
Project("{FAE04EC0-301F-11D3-BF4B-00C04F79EFBC}") = "try-asp-net", "try-asp-net\try-asp-net.csproj", "{B7A1B03F-19DA-450A-8E4D-E02ECF803ECE}"
EndProject
Global
	GlobalSection(SolutionConfigurationPlatforms) = preSolution
		Debug|Any CPU = Debug|Any CPU
		Release|Any CPU = Release|Any CPU
	EndGlobalSection
	GlobalSection(ProjectConfigurationPlatforms) = postSolution
		{B7A1B03F-19DA-450A-8E4D-E02ECF803ECE}.Debug|Any CPU.ActiveCfg = Debug|Any CPU
		{B7A1B03F-19DA-450A-8E4D-E02ECF803ECE}.Debug|Any CPU.Build.0 = Debug|Any CPU
		{B7A1B03F-19DA-450A-8E4D-E02ECF803ECE}.Release|Any CPU.ActiveCfg = Release|Any CPU
		{B7A1B03F-19DA-450A-8E4D-E02ECF803ECE}.Release|Any CPU.Build.0 = Release|Any CPU
	EndGlobalSection
	GlobalSection(SolutionProperties) = preSolution
		HideSolutionNode = FALSE
	EndGlobalSection
	GlobalSection(ExtensibilityGlobals) = postSolution
		SolutionGuid = {B9B5EBD4-53D0-4E94-B34E-623F521DF9E2}
	EndGlobalSection
EndGlobal
